
Microsoft Visual Studio Solution File, Format Version 12.00
# Visual Studio Version 17
VisualStudioVersion = 17.9.34607.119
MinimumVisualStudioVersion = 10.0.40219.1
Project("{FAE04EC0-301F-11D3-BF4B-00C04F79EFBC}") = "Task2", "Task2\Task2.csproj", "{474B3010-279F-408B-B91A-CBA546C03AED}"
EndProject
Global
	GlobalSection(SolutionConfigurationPlatforms) = preSolution
		Debug|Any CPU = Debug|Any CPU
		Release|Any CPU = Release|Any CPU
	EndGlobalSection
	GlobalSection(ProjectConfigurationPlatforms) = postSolution
		{474B3010-279F-408B-B91A-CBA546C03AED}.Debug|Any CPU.ActiveCfg = Debug|Any CPU
		{474B3010-279F-408B-B91A-CBA546C03AED}.Debug|Any CPU.Build.0 = Debug|Any CPU
		{474B3010-279F-408B-B91A-CBA546C03AED}.Release|Any CPU.ActiveCfg = Release|Any CPU
		{474B3010-279F-408B-B91A-CBA546C03AED}.Release|Any CPU.Build.0 = Release|Any CPU
	EndGlobalSection
	GlobalSection(SolutionProperties) = preSolution
		HideSolutionNode = FALSE
	EndGlobalSection
	GlobalSection(ExtensibilityGlobals) = postSolution
		SolutionGuid = {7DBC5370-AA1E-4416-B576-93A4025FE04B}
	EndGlobalSection
EndGlobal
